PODS:
  - SwiftSpec (0.1.0):
    - SwiftSpec/All (= 0.1.0)
  - SwiftSpec/All (0.1.0)

DEPENDENCIES:
  - SwiftSpec (from `../`)

EXTERNAL SOURCES:
  SwiftSpec:
    :path: ../

SPEC CHECKSUMS:
  SwiftSpec: 86aefa3ae7d249bedd95fa907e645de980602f1e

PODFILE CHECKSUM: e4ed7735eac745de92473a8cb473611bbdbe28c3

COCOAPODS: 1.2.1
